
Microsoft Visual Studio Solution File, Format Version 12.00
# Visual Studio Version 17
VisualStudioVersion = 17.1.32228.430
MinimumVisualStudioVersion = 10.0.40219.1
Project("{FAE04EC0-301F-11D3-BF4B-00C04F79EFBC}") = "FlxsnxMod", "FlxsnxMod\FlxsnxMod.csproj", "{D956B604-96EC-4A2A-B232-178D5E719772}"
EndProject
Global
	GlobalSection(SolutionConfigurationPlatforms) = preSolution
		Debug|Any CPU = Debug|Any CPU
		Release|Any CPU = Release|Any CPU
	EndGlobalSection
	GlobalSection(ProjectConfigurationPlatforms) = postSolution
		{D956B604-96EC-4A2A-B232-178D5E719772}.Debug|Any CPU.ActiveCfg = Release|Any CPU
		{D956B604-96EC-4A2A-B232-178D5E719772}.Debug|Any CPU.Build.0 = Release|Any CPU
		{D956B604-96EC-4A2A-B232-178D5E719772}.Release|Any CPU.ActiveCfg = Release|Any CPU
		{D956B604-96EC-4A2A-B232-178D5E719772}.Release|Any CPU.Build.0 = Release|Any CPU
	EndGlobalSection
	GlobalSection(SolutionProperties) = preSolution
		HideSolutionNode = FALSE
	EndGlobalSection
	GlobalSection(ExtensibilityGlobals) = postSolution
		SolutionGuid = {D5DC1259-9580-4AAB-96FF-ED49F64BC25A}
	EndGlobalSection
EndGlobal
